
Microsoft Visual Studio Solution File, Format Version 12.00
# Visual Studio Version 17
VisualStudioVersion = 17.3.32901.215
MinimumVisualStudioVersion = 10.0.40219.1
Project("{FAE04EC0-301F-11D3-BF4B-00C04F79EFBC}") = "move_store_app", "move_store_app\move_store_app.csproj", "{0312E565-2254-4165-AA17-110F81C35069}"
EndProject
Global
	GlobalSection(SolutionConfigurationPlatforms) = preSolution
		Debug|Any CPU = Debug|Any CPU
		Release|Any CPU = Release|Any CPU
	EndGlobalSection
	GlobalSection(ProjectConfigurationPlatforms) = postSolution
		{0312E565-2254-4165-AA17-110F81C35069}.Debug|Any CPU.ActiveCfg = Debug|Any CPU
		{0312E565-2254-4165-AA17-110F81C35069}.Debug|Any CPU.Build.0 = Debug|Any CPU
		{0312E565-2254-4165-AA17-110F81C35069}.Release|Any CPU.ActiveCfg = Release|Any CPU
		{0312E565-2254-4165-AA17-110F81C35069}.Release|Any CPU.Build.0 = Release|Any CPU
	EndGlobalSection
	GlobalSection(SolutionProperties) = preSolution
		HideSolutionNode = FALSE
	EndGlobalSection
	GlobalSection(ExtensibilityGlobals) = postSolution
		SolutionGuid = {5DE2E6ED-75DA-4105-B751-7046C5925991}
	EndGlobalSection
EndGlobal
